{
  "requires": true,
  "lockfileVersion": 1,
  "dependencies": {
    "cli-table": {
      "version": "0.3.1",
      "resolved": "https://registry.npmjs.org/cli-table/-/cli-table-0.3.1.tgz",
      "integrity": "sha1-9TsFJmqLGguTSz0IIebi3FkUriM=",
      "requires": {
        "colors": "1.0.3"
      }
    },
    "colors": {
      "version": "1.0.3",
      "resolved": "https://registry.npmjs.org/colors/-/colors-1.0.3.tgz",
      "integrity": "sha1-BDP0TYCWgP3rYO0mDxsMJi6CpAs="
    },
    "diacritics": {
      "version": "1.3.0",
      "resolved": "https://registry.npmjs.org/diacritics/-/diacritics-1.3.0.tgz",
      "integrity": "sha1-PvqHMj67hj5mls67AILUj/PW96E="
    },
    "prompt-sync": {
      "version": "4.1.5",
      "resolved": "https://registry.npmjs.org/prompt-sync/-/prompt-sync-4.1.5.tgz",
      "integrity": "sha1-cJrBgjiLDppKRbVoPtBEntGfPrg="
    },
    "prompt-sync-history": {
      "version": "1.0.1",
      "resolved": "https://registry.npmjs.org/prompt-sync-history/-/prompt-sync-history-1.0.1.tgz",
      "integrity": "sha1-0C7fGMwDuJMoZxVsKSJ0uiwAUP0="
    },
    "urlify": {
      "version": "0.3.6",
      "resolved": "https://registry.npmjs.org/urlify/-/urlify-0.3.6.tgz",
      "integrity": "sha1-g7tSr17AT2AGtfXyC1Hg2+yF/P8="
    }
  }
}
